
Microsoft Visual Studio Solution File, Format Version 12.00
# Visual Studio 14
VisualStudioVersion = 14.0.25420.1
MinimumVisualStudioVersion = 10.0.40219.1
Project("{FAE04EC0-301F-11D3-BF4B-00C04F79EFBC}") = "INF272_HA8", "INF272_HA8\INF272_HA8.csproj", "{A10D8CE3-A2D5-4BF0-ADD2-3170D3CD3281}"
EndProject
Global
	GlobalSection(SolutionConfigurationPlatforms) = preSolution
		Debug|Any CPU = Debug|Any CPU
		Release|Any CPU = Release|Any CPU
	EndGlobalSection
	GlobalSection(ProjectConfigurationPlatforms) = postSolution
		{A10D8CE3-A2D5-4BF0-ADD2-3170D3CD3281}.Debug|Any CPU.ActiveCfg = Debug|Any CPU
		{A10D8CE3-A2D5-4BF0-ADD2-3170D3CD3281}.Debug|Any CPU.Build.0 = Debug|Any CPU
		{A10D8CE3-A2D5-4BF0-ADD2-3170D3CD3281}.Release|Any CPU.ActiveCfg = Release|Any CPU
		{A10D8CE3-A2D5-4BF0-ADD2-3170D3CD3281}.Release|Any CPU.Build.0 = Release|Any CPU
	EndGlobalSection
	GlobalSection(SolutionProperties) = preSolution
		HideSolutionNode = FALSE
	EndGlobalSection
EndGlobal
